{
  "version": "3",
  "packages": {
    "specifiers": {
      "jsr:@jcayzac/utils-text@^0.2.0": "jsr:@jcayzac/utils-text@0.2.0",
      "npm:@shikijs/core@^1.13.0": "npm:@shikijs/core@1.13.0",
      "npm:hast@^1.0.0": "npm:hast@1.0.0",
      "npm:unist@^0.0.1": "npm:unist@0.0.1"
    },
    "jsr": {
      "@jcayzac/utils-text@0.2.0": {
        "integrity": "5121ceb35b692143a1d10a6c69ae6629d706f54aafa43a1ede1f305274021b66"
      }
    },
    "npm": {
      "@shikijs/core@1.13.0": {
        "integrity": "sha512-Mj5NVfbAXcD1GnwOTSPl8hBn/T8UDpfFQTptp+p41n/CbUcJtOq98WaRD7Lz3hCglYotUTHUWtzu3JhK6XlkAA==",
        "dependencies": {
          "@types/hast": "@types/hast@3.0.4"
        }
      },
      "@types/hast@3.0.4": {
        "integrity": "sha512-WPs+bbQw5aCj+x6laNGWLH3wviHtoCv/P3+otBhbOhJgG8qtpdAMlTCxLtsTWA7LH1Oh/bFCHsBn0TPS5m30EQ==",
        "dependencies": {
          "@types/unist": "@types/unist@3.0.3"
        }
      },
      "@types/unist@3.0.3": {
        "integrity": "sha512-ko/gIFJRv177XgZsZcBwnqJN5x/Gien8qNOn0D5bQU/zAzVf9Zt3BlcUiLqhV9y4ARk0GbT3tnUiPNgnTXzc/Q==",
        "dependencies": {}
      },
      "hast@1.0.0": {
        "integrity": "sha512-vFUqlRV5C+xqP76Wwq2SrM0kipnmpxJm7OfvVXpB35Fp+Fn4MV+ozr+JZr5qFvyR1q/U+Foim2x+3P+x9S1PLA==",
        "dependencies": {}
      },
      "unist@0.0.1": {
        "integrity": "sha512-bnzuF8b6d47WubA4a5yLqFbuZz/v/NS6eRwUIdOaDmsqzwTlyv8yS1g3M7ISdtBQrigPD3qKK87Cu7zhEfCF3A==",
        "dependencies": {}
      }
    }
  },
  "remote": {},
  "workspace": {
    "dependencies": [
      "jsr:@jcayzac/utils-text@^0.2.0",
      "npm:@shikijs/core@^1.13.0",
      "npm:hast@^1.0.0",
      "npm:unist@^0.0.1"
    ]
  }
}
